
Microsoft Visual Studio Solution File, Format Version 12.00
# Visual Studio Version 17
VisualStudioVersion = 17.1.32319.34
MinimumVisualStudioVersion = 10.0.40219.1
Project("{FAE04EC0-301F-11D3-BF4B-00C04F79EFBC}") = "Bai2", "Bai2\Bai2.csproj", "{1A16FC6C-6B98-460A-AE77-5F2F4AF07C0B}"
EndProject
Global
	GlobalSection(SolutionConfigurationPlatforms) = preSolution
		Debug|Any CPU = Debug|Any CPU
		Release|Any CPU = Release|Any CPU
	EndGlobalSection
	GlobalSection(ProjectConfigurationPlatforms) = postSolution
		{1A16FC6C-6B98-460A-AE77-5F2F4AF07C0B}.Debug|Any CPU.ActiveCfg = Debug|Any CPU
		{1A16FC6C-6B98-460A-AE77-5F2F4AF07C0B}.Debug|Any CPU.Build.0 = Debug|Any CPU
		{1A16FC6C-6B98-460A-AE77-5F2F4AF07C0B}.Release|Any CPU.ActiveCfg = Release|Any CPU
		{1A16FC6C-6B98-460A-AE77-5F2F4AF07C0B}.Release|Any CPU.Build.0 = Release|Any CPU
	EndGlobalSection
	GlobalSection(SolutionProperties) = preSolution
		HideSolutionNode = FALSE
	EndGlobalSection
	GlobalSection(ExtensibilityGlobals) = postSolution
		SolutionGuid = {7A4DEAE9-7A0F-4BEB-BAF9-207C170E6280}
	EndGlobalSection
EndGlobal
